<?xml version="1.0" encoding="utf-8"?>
<Project ToolsVersion="4.0" xmlns="http://schemas.microsoft.com/developer/msbuild/2003">
  <ItemGroup>
    <Filter Include="Source Files">
      <UniqueIdentifier>{4FC737F1-C7A5-4376-A066-2A32D752A2FF}</UniqueIdentifier>
      <Extensions>cpp;c;cc;cxx;def;odl;idl;hpj;bat;asm;asmx</Extensions>
    </Filter>
    <Filter Include="Header Files">
      <UniqueIdentifier>{93995380-89BD-4b04-88EB-625FBE52EBFB}</UniqueIdentifier>
      <Extensions>h;hh;hpp;hxx;hm;inl;inc;ipp;xsd</Extensions>
    </Filter>
    <Filter Include="Resource Files">
      <UniqueIdentifier>{67DA6AB6-F800-4c08-8B7A-83BB121AAD01}</UniqueIdentifier>
      <Extensions>rc;ico;cur;bmp;dlg;rc2;rct;bin;rgs;gif;jpg;jpeg;jpe;resx;tiff;tif;png;wav;mfcribbon-ms</Extensions>
    </Filter>
    <Filter Include="Shaders">
      <UniqueIdentifier>{0a4c682d-ba73-44ef-afd8-1b86ea6a9990}</UniqueIdentifier>
    </Filter>
    <Filter Include="Renderings Headers">
      <UniqueIdentifier>{73b6e461-dc17-4a4e-b1cb-860c4adaa0a9}</UniqueIdentifier>
    </Filter>
    <Filter Include="Renderings Source">
      <UniqueIdentifier>{8dba0a55-b737-46ee-8d60-f08aeaf71544}</UniqueIdentifier>
    </Filter>
    <Filter Include="Buffers Source">
      <UniqueIdentifier>{fb9478b3-d5e1-4f0f-9fae-57bb68ee2397}</UniqueIdentifier>
    </Filter>
    <Filter Include="Buffers Headers">
      <UniqueIdentifier>{173f2e1f-8769-49d6-954f-5d2f895ce5e4}</UniqueIdentifier>
    </Filter>
    <Filter Include="Textures">
      <UniqueIdentifier>{3114d425-0efb-491c-9cef-63fddb1a88b5}</UniqueIdentifier>
    </Filter>
    <Filter Include="Images">
      <UniqueIdentifier>{94a06050-bb76-4db0-802b-b40ba6cc2118}</UniqueIdentifier>
    </Filter>
    <Filter Include="objects">
      <UniqueIdentifier>{3c711746-4848-47fb-8493-2f25d10eb6b5}</UniqueIdentifier>
    </Filter>
    <Filter Include="objects\meshes">
      <UniqueIdentifier>{390dc61d-5841-4bb3-91f3-0e49cedb33a9}</UniqueIdentifier>
    </Filter>
  </ItemGroup>
  <ItemGroup>
    <ClInclude Include="pch.h">
      <Filter>Header Files</Filter>
    </ClInclude>
    <ClInclude Include="Renderer.h">
      <Filter>Header Files</Filter>
    </ClInclude>
    <ClInclude Include="CommandBufferSemaphoreInfo.h">
      <Filter>Header Files</Filter>
    </ClInclude>
    <ClInclude Include="BUILD_OPTIONS.h">
      <Filter>Header Files</Filter>
    </ClInclude>
    <ClInclude Include="PLATFORM.h">
      <Filter>Header Files</Filter>
    </ClInclude>
    <ClInclude Include="MainWindow.h">
      <Filter>Header Files</Filter>
    </ClInclude>
    <ClInclude Include="Swapchain.h">
      <Filter>Header Files</Filter>
    </ClInclude>
    <ClInclude Include="RenderPass.h">
      <Filter>Header Files</Filter>
    </ClInclude>
    <ClInclude Include="FrameBuffer.h">
      <Filter>Header Files</Filter>
    </ClInclude>
    <ClInclude Include="QueueFamilyIndices.h">
      <Filter>Header Files</Filter>
    </ClInclude>
    <ClInclude Include="resource.h">
      <Filter>Header Files</Filter>
    </ClInclude>
    <ClInclude Include="Pipeline.h">
      <Filter>Header Files</Filter>
    </ClInclude>
    <ClInclude Include="ColorChanger.h">
      <Filter>Renderings Headers</Filter>
    </ClInclude>
    <ClInclude Include="Vertices.h">
      <Filter>Header Files</Filter>
    </ClInclude>
    <ClInclude Include="Buffer.h">
      <Filter>Buffers Headers</Filter>
    </ClInclude>
    <ClInclude Include="VertexBuffer.h">
      <Filter>Buffers Headers</Filter>
    </ClInclude>
    <ClInclude Include="StagingBuffer.h">
      <Filter>Buffers Headers</Filter>
    </ClInclude>
    <ClInclude Include="IndexBuffer.h">
      <Filter>Buffers Headers</Filter>
    </ClInclude>
    <ClInclude Include="UniformBuffer.h">
      <Filter>Buffers Headers</Filter>
    </ClInclude>
    <ClInclude Include="DescriptorHandler.h">
      <Filter>Header Files</Filter>
    </ClInclude>
    <ClInclude Include="CommandBufferHandler.h">
      <Filter>Header Files</Filter>
    </ClInclude>
    <ClInclude Include="Texture.h">
      <Filter>Header Files</Filter>
    </ClInclude>
    <ClInclude Include="Util.h">
      <Filter>Header Files</Filter>
    </ClInclude>
    <ClInclude Include="Square.h">
      <Filter>Renderings Headers</Filter>
    </ClInclude>
    <ClInclude Include="SquareDepth.h">
      <Filter>Renderings Headers</Filter>
    </ClInclude>
    <ClInclude Include="DepthTester.h">
      <Filter>Header Files</Filter>
    </ClInclude>
    <ClInclude Include="Model.h">
      <Filter>Renderings Headers</Filter>
    </ClInclude>
    <ClInclude Include="RenderObject.h">
      <Filter>Renderings Headers</Filter>
    </ClInclude>
    <ClInclude Include="Multisample.h">
      <Filter>Header Files</Filter>
    </ClInclude>
  </ItemGroup>
  <ItemGroup>
    <ClCompile Include="pch.cpp">
      <Filter>Source Files</Filter>
    </ClCompile>
    <ClCompile Include="Renderer.cpp">
      <Filter>Source Files</Filter>
    </ClCompile>
    <ClCompile Include="main.cpp">
      <Filter>Source Files</Filter>
    </ClCompile>
    <ClCompile Include="CommandBufferSemaphoreInfo.cpp">
      <Filter>Source Files</Filter>
    </ClCompile>
    <ClCompile Include="MainWindow.cpp">
      <Filter>Source Files</Filter>
    </ClCompile>
    <ClCompile Include="Swapchain.cpp">
      <Filter>Source Files</Filter>
    </ClCompile>
    <ClCompile Include="RenderPass.cpp">
      <Filter>Source Files</Filter>
    </ClCompile>
    <ClCompile Include="FrameBuffer.cpp">
      <Filter>Source Files</Filter>
    </ClCompile>
    <ClCompile Include="QueueFamilyIndices.cpp">
      <Filter>Source Files</Filter>
    </ClCompile>
    <ClCompile Include="Pipeline.cpp">
      <Filter>Source Files</Filter>
    </ClCompile>
    <ClCompile Include="ColorChanger.cpp">
      <Filter>Renderings Source</Filter>
    </ClCompile>
    <ClCompile Include="Vertices.cpp">
      <Filter>Source Files</Filter>
    </ClCompile>
    <ClCompile Include="Buffer.cpp">
      <Filter>Buffers Source</Filter>
    </ClCompile>
    <ClCompile Include="VertexBuffer.cpp">
      <Filter>Buffers Source</Filter>
    </ClCompile>
    <ClCompile Include="IndexBuffer.cpp">
      <Filter>Buffers Source</Filter>
    </ClCompile>
    <ClCompile Include="UniformBuffer.cpp">
      <Filter>Buffers Source</Filter>
    </ClCompile>
    <ClCompile Include="DescriptorHandler.cpp">
      <Filter>Source Files</Filter>
    </ClCompile>
    <ClCompile Include="CommandBufferHandler.cpp">
      <Filter>Source Files</Filter>
    </ClCompile>
    <ClCompile Include="Texture.cpp">
      <Filter>Source Files</Filter>
    </ClCompile>
    <ClCompile Include="Util.cpp">
      <Filter>Source Files</Filter>
    </ClCompile>
    <ClCompile Include="Square.cpp">
      <Filter>Renderings Source</Filter>
    </ClCompile>
    <ClCompile Include="SquareDepth.cpp">
      <Filter>Renderings Source</Filter>
    </ClCompile>
    <ClCompile Include="DepthTester.cpp">
      <Filter>Source Files</Filter>
    </ClCompile>
    <ClCompile Include="Model.cpp">
      <Filter>Renderings Source</Filter>
    </ClCompile>
    <ClCompile Include="RenderObject.cpp">
      <Filter>Renderings Source</Filter>
    </ClCompile>
    <ClCompile Include="Multisample.cpp">
      <Filter>Source Files</Filter>
    </ClCompile>
  </ItemGroup>
  <ItemGroup>
    <None Include="shader.vert">
      <Filter>Shaders</Filter>
    </None>
    <None Include="shader.frag">
      <Filter>Shaders</Filter>
    </None>
  </ItemGroup>
  <ItemGroup>
    <Image Include="..\textures\chef.png">
      <Filter>Textures</Filter>
    </Image>
    <Image Include="..\textures\sculpture.jpg">
      <Filter>Textures</Filter>
    </Image>
    <Image Include="..\..\..\..\Pictures\riki.jpg">
      <Filter>Textures</Filter>
    </Image>
    <Image Include="..\..\..\..\Pictures\seahawks.jpg">
      <Filter>Textures</Filter>
    </Image>
    <Image Include="..\..\..\..\Pictures\snot.jpg">
      <Filter>Textures</Filter>
    </Image>
    <Image Include="..\..\..\..\Pictures\mitraljezac.png">
      <Filter>Textures</Filter>
    </Image>
    <Image Include="..\objects\meshes\chalet.jpg">
      <Filter>objects\meshes</Filter>
    </Image>
    <Image Include="..\objects\meshes\laptop.png">
      <Filter>objects\meshes</Filter>
    </Image>
    <Image Include="..\objects\meshes\truck.jpg">
      <Filter>objects\meshes</Filter>
    </Image>
  </ItemGroup>
</Project>