<?xml version="1.0" encoding="utf-8"?>
<Project ToolsVersion="4.0" xmlns="http://schemas.microsoft.com/developer/msbuild/2003">
  <ItemGroup>
    <Filter Include="Source Files">
      <UniqueIdentifier>{4FC737F1-C7A5-4376-A066-2A32D752A2FF}</UniqueIdentifier>
      <Extensions>cpp;c;cc;cxx;def;odl;idl;hpj;bat;asm;asmx</Extensions>
    </Filter>
    <Filter Include="Header Files">
      <UniqueIdentifier>{93995380-89BD-4b04-88EB-625FBE52EBFB}</UniqueIdentifier>
      <Extensions>h;hh;hpp;hxx;hm;inl;inc;ipp;xsd</Extensions>
    </Filter>
    <Filter Include="Resource Files">
      <UniqueIdentifier>{67DA6AB6-F800-4c08-8B7A-83BB121AAD01}</UniqueIdentifier>
      <Extensions>rc;ico;cur;bmp;dlg;rc2;rct;bin;rgs;gif;jpg;jpeg;jpe;resx;tiff;tif;png;wav;mfcribbon-ms</Extensions>
    </Filter>
    <Filter Include="Shaders">
      <UniqueIdentifier>{0a4c682d-ba73-44ef-afd8-1b86ea6a9990}</UniqueIdentifier>
    </Filter>
    <Filter Include="Renderings Headers">
      <UniqueIdentifier>{73b6e461-dc17-4a4e-b1cb-860c4adaa0a9}</UniqueIdentifier>
    </Filter>
    <Filter Include="Renderings Source">
      <UniqueIdentifier>{8dba0a55-b737-46ee-8d60-f08aeaf71544}</UniqueIdentifier>
    </Filter>
  </ItemGroup>
  <ItemGroup>
    <ClInclude Include="pch.h">
      <Filter>Header Files</Filter>
    </ClInclude>
    <ClInclude Include="Renderer.h">
      <Filter>Header Files</Filter>
    </ClInclude>
    <ClInclude Include="Util.h">
      <Filter>Header Files</Filter>
    </ClInclude>
    <ClInclude Include="CommandPool.h">
      <Filter>Header Files</Filter>
    </ClInclude>
    <ClInclude Include="CommandBuffer.h">
      <Filter>Header Files</Filter>
    </ClInclude>
    <ClInclude Include="Semaphore.h">
      <Filter>Header Files</Filter>
    </ClInclude>
    <ClInclude Include="CommandBufferSemaphoreInfo.h">
      <Filter>Header Files</Filter>
    </ClInclude>
    <ClInclude Include="BUILD_OPTIONS.h">
      <Filter>Header Files</Filter>
    </ClInclude>
    <ClInclude Include="PLATFORM.h">
      <Filter>Header Files</Filter>
    </ClInclude>
    <ClInclude Include="MainWindow.h">
      <Filter>Header Files</Filter>
    </ClInclude>
    <ClInclude Include="Swapchain.h">
      <Filter>Header Files</Filter>
    </ClInclude>
    <ClInclude Include="RenderPass.h">
      <Filter>Header Files</Filter>
    </ClInclude>
    <ClInclude Include="FrameBuffer.h">
      <Filter>Header Files</Filter>
    </ClInclude>
    <ClInclude Include="QueueFamilyIndices.h">
      <Filter>Header Files</Filter>
    </ClInclude>
    <ClInclude Include="resource.h">
      <Filter>Header Files</Filter>
    </ClInclude>
    <ClInclude Include="Pipeline.h">
      <Filter>Header Files</Filter>
    </ClInclude>
    <ClInclude Include="Triangle.h">
      <Filter>Renderings Headers</Filter>
    </ClInclude>
    <ClInclude Include="ColorChanger.h">
      <Filter>Renderings Headers</Filter>
    </ClInclude>
    <ClInclude Include="Scene.h">
      <Filter>Renderings Headers</Filter>
    </ClInclude>
  </ItemGroup>
  <ItemGroup>
    <ClCompile Include="pch.cpp">
      <Filter>Source Files</Filter>
    </ClCompile>
    <ClCompile Include="Renderer.cpp">
      <Filter>Source Files</Filter>
    </ClCompile>
    <ClCompile Include="main.cpp">
      <Filter>Source Files</Filter>
    </ClCompile>
    <ClCompile Include="Util.cpp">
      <Filter>Source Files</Filter>
    </ClCompile>
    <ClCompile Include="CommandPool.cpp">
      <Filter>Source Files</Filter>
    </ClCompile>
    <ClCompile Include="CommandBuffer.cpp">
      <Filter>Source Files</Filter>
    </ClCompile>
    <ClCompile Include="Semaphore.cpp">
      <Filter>Source Files</Filter>
    </ClCompile>
    <ClCompile Include="CommandBufferSemaphoreInfo.cpp">
      <Filter>Source Files</Filter>
    </ClCompile>
    <ClCompile Include="MainWindow.cpp">
      <Filter>Source Files</Filter>
    </ClCompile>
    <ClCompile Include="Swapchain.cpp">
      <Filter>Source Files</Filter>
    </ClCompile>
    <ClCompile Include="RenderPass.cpp">
      <Filter>Source Files</Filter>
    </ClCompile>
    <ClCompile Include="FrameBuffer.cpp">
      <Filter>Source Files</Filter>
    </ClCompile>
    <ClCompile Include="QueueFamilyIndices.cpp">
      <Filter>Source Files</Filter>
    </ClCompile>
    <ClCompile Include="Pipeline.cpp">
      <Filter>Source Files</Filter>
    </ClCompile>
    <ClCompile Include="Triangle.cpp">
      <Filter>Renderings Source</Filter>
    </ClCompile>
    <ClCompile Include="ColorChanger.cpp">
      <Filter>Renderings Source</Filter>
    </ClCompile>
    <ClCompile Include="Scene.cpp">
      <Filter>Renderings Source</Filter>
    </ClCompile>
  </ItemGroup>
  <ItemGroup>
    <None Include="shader.vert">
      <Filter>Shaders</Filter>
    </None>
    <None Include="shader.frag">
      <Filter>Shaders</Filter>
    </None>
    <None Include="..\..\..\..\..\..\VulkanSDK\1.1.85.0\Bin\vert.spv">
      <Filter>Shaders</Filter>
    </None>
    <None Include="..\..\..\..\..\..\VulkanSDK\1.1.85.0\Bin\frag.spv">
      <Filter>Shaders</Filter>
    </None>
  </ItemGroup>
</Project>